
Microsoft Visual Studio Solution File, Format Version 12.00
# Visual Studio Version 16
VisualStudioVersion = 16.0.28922.388
MinimumVisualStudioVersion = 10.0.40219.1
Project("{9A19103F-16F7-4668-BE54-9A1E7A4F7556}") = "bigbookapi", "bigbookapi.csproj", "{974A364D-A4A0-4D39-978C-1D55AABAAD73}"
EndProject
Global
	GlobalSection(SolutionConfigurationPlatforms) = preSolution
		Debug|Any CPU = Debug|Any CPU
		Release|Any CPU = Release|Any CPU
	EndGlobalSection
	GlobalSection(ProjectConfigurationPlatforms) = postSolution
		{974A364D-A4A0-4D39-978C-1D55AABAAD73}.Debug|Any CPU.ActiveCfg = Debug|Any CPU
		{974A364D-A4A0-4D39-978C-1D55AABAAD73}.Debug|Any CPU.Build.0 = Debug|Any CPU
		{974A364D-A4A0-4D39-978C-1D55AABAAD73}.Release|Any CPU.ActiveCfg = Release|Any CPU
		{974A364D-A4A0-4D39-978C-1D55AABAAD73}.Release|Any CPU.Build.0 = Release|Any CPU
	EndGlobalSection
	GlobalSection(SolutionProperties) = preSolution
		HideSolutionNode = FALSE
	EndGlobalSection
	GlobalSection(ExtensibilityGlobals) = postSolution
		SolutionGuid = {C6B50C3C-79A9-44AA-864C-9AEB8D1780B1}
	EndGlobalSection
EndGlobal
